
Microsoft Visual Studio Solution File, Format Version 11.00
# Visual Studio 2010
Project("{FAE04EC0-301F-11D3-BF4B-00C04F79EFBC}") = "Unity.2D.Tilemap.Extras", "Unity.2D.Tilemap.Extras.csproj", "{21fec93f-8c2d-f781-9b3f-f15982624fd9}"
EndProject
Project("{FAE04EC0-301F-11D3-BF4B-00C04F79EFBC}") = "Assembly-CSharp", "Assembly-CSharp.csproj", "{0479db34-5f83-2991-2fb9-494bcbe56acf}"
EndProject
Project("{FAE04EC0-301F-11D3-BF4B-00C04F79EFBC}") = "Unity.2D.Tilemap.Extras.Editor", "Unity.2D.Tilemap.Extras.Editor.csproj", "{457d65a9-24fd-1944-3920-3d7d663ffbf8}"
EndProject
Project("{FAE04EC0-301F-11D3-BF4B-00C04F79EFBC}") = "Unity.2D.Tilemap.Extras.Placeholder.EditorTests", "Unity.2D.Tilemap.Extras.Placeholder.EditorTests.csproj", "{01032f07-624d-c323-86aa-2c29b2bfa995}"
EndProject
Global
	GlobalSection(SolutionConfigurationPlatforms) = preSolution
		Debug|Any CPU = Debug|Any CPU
	EndGlobalSection
	GlobalSection(ProjectConfigurationPlatforms) = postSolution
		{21fec93f-8c2d-f781-9b3f-f15982624fd9}.Debug|Any CPU.ActiveCfg = Debug|Any CPU
		{21fec93f-8c2d-f781-9b3f-f15982624fd9}.Debug|Any CPU.Build.0 = Debug|Any CPU
		{0479db34-5f83-2991-2fb9-494bcbe56acf}.Debug|Any CPU.ActiveCfg = Debug|Any CPU
		{0479db34-5f83-2991-2fb9-494bcbe56acf}.Debug|Any CPU.Build.0 = Debug|Any CPU
		{457d65a9-24fd-1944-3920-3d7d663ffbf8}.Debug|Any CPU.ActiveCfg = Debug|Any CPU
		{457d65a9-24fd-1944-3920-3d7d663ffbf8}.Debug|Any CPU.Build.0 = Debug|Any CPU
		{01032f07-624d-c323-86aa-2c29b2bfa995}.Debug|Any CPU.ActiveCfg = Debug|Any CPU
		{01032f07-624d-c323-86aa-2c29b2bfa995}.Debug|Any CPU.Build.0 = Debug|Any CPU
	EndGlobalSection
	GlobalSection(SolutionProperties) = preSolution
		HideSolutionNode = FALSE
	EndGlobalSection
EndGlobal
